
Microsoft Visual Studio Solution File, Format Version 12.00
# Visual Studio Version 16
VisualStudioVersion = 16.0.31112.23
MinimumVisualStudioVersion = 10.0.40219.1
Project("{FAE04EC0-301F-11D3-BF4B-00C04F79EFBC}") = "Calculadora RRC", "Calculadora RRC\Calculadora RRC.csproj", "{EBF05D29-AD71-4C72-BD61-842A88AADECA}"
EndProject
Global
	GlobalSection(SolutionConfigurationPlatforms) = preSolution
		Debug|Any CPU = Debug|Any CPU
		Release|Any CPU = Release|Any CPU
	EndGlobalSection
	GlobalSection(ProjectConfigurationPlatforms) = postSolution
		{EBF05D29-AD71-4C72-BD61-842A88AADECA}.Debug|Any CPU.ActiveCfg = Debug|Any CPU
		{EBF05D29-AD71-4C72-BD61-842A88AADECA}.Debug|Any CPU.Build.0 = Debug|Any CPU
		{EBF05D29-AD71-4C72-BD61-842A88AADECA}.Release|Any CPU.ActiveCfg = Release|Any CPU
		{EBF05D29-AD71-4C72-BD61-842A88AADECA}.Release|Any CPU.Build.0 = Release|Any CPU
	EndGlobalSection
	GlobalSection(SolutionProperties) = preSolution
		HideSolutionNode = FALSE
	EndGlobalSection
	GlobalSection(ExtensibilityGlobals) = postSolution
		SolutionGuid = {9F64F3FD-DF6E-47EC-B1E5-C909E720AD69}
	EndGlobalSection
EndGlobal
